
Microsoft Visual Studio Solution File, Format Version 12.00
# Visual Studio 2013
VisualStudioVersion = 12.0.31101.0
MinimumVisualStudioVersion = 10.0.40219.1
Project("{FAE04EC0-301F-11D3-BF4B-00C04F79EFBC}") = "Futures", "Futures\Futures.csproj", "{02BEAA1C-FCD7-4170-9819-979F2824FCA7}"
EndProject
Project("{FAE04EC0-301F-11D3-BF4B-00C04F79EFBC}") = "FutureTests", "FutureTests\FutureTests.csproj", "{C81E006F-2A9E-44DA-B7F5-8379CABF542C}"
EndProject
Project("{FAE04EC0-301F-11D3-BF4B-00C04F79EFBC}") = "Futures-Testing", "Futures-Testing\Futures-Testing.csproj", "{A55EDC08-ED9E-49E5-B869-33EEE2F2AFA7}"
EndProject
Project("{2150E333-8FDC-42A3-9474-1A3956D46DE8}") = "Solution Items", "Solution Items", "{9D07AC63-C17F-4A5B-8B4E-5CA57B0576C9}"
	ProjectSection(SolutionItems) = preProject
		LICENSE = LICENSE
		README.md = README.md
	EndProjectSection
EndProject
Project("{2150E333-8FDC-42A3-9474-1A3956D46DE8}") = "Documentation", "Documentation", "{11D203E9-ABB0-4BE7-AA34-14CA671D03B6}"
	ProjectSection(SolutionItems) = preProject
		doc\FuturesVsObservables.md = doc\FuturesVsObservables.md
		doc\FutureVsTask.md = doc\FutureVsTask.md
		doc\README.md = doc\README.md
	EndProjectSection
EndProject
Project("{2150E333-8FDC-42A3-9474-1A3956D46DE8}") = "Tutorial", "Tutorial", "{2DC07396-7E88-4C59-8146-9D7EDC36BADE}"
	ProjectSection(SolutionItems) = preProject
		doc\Tutorial\ObtainingFutures.md = doc\Tutorial\ObtainingFutures.md
		doc\Tutorial\README.md = doc\Tutorial\README.md
	EndProjectSection
EndProject
Global
	GlobalSection(SolutionConfigurationPlatforms) = preSolution
		Debug|Any CPU = Debug|Any CPU
		Release|Any CPU = Release|Any CPU
	EndGlobalSection
	GlobalSection(ProjectConfigurationPlatforms) = postSolution
		{02BEAA1C-FCD7-4170-9819-979F2824FCA7}.Debug|Any CPU.ActiveCfg = Debug|Any CPU
		{02BEAA1C-FCD7-4170-9819-979F2824FCA7}.Debug|Any CPU.Build.0 = Debug|Any CPU
		{02BEAA1C-FCD7-4170-9819-979F2824FCA7}.Release|Any CPU.ActiveCfg = Release|Any CPU
		{02BEAA1C-FCD7-4170-9819-979F2824FCA7}.Release|Any CPU.Build.0 = Release|Any CPU
		{C81E006F-2A9E-44DA-B7F5-8379CABF542C}.Debug|Any CPU.ActiveCfg = Debug|Any CPU
		{C81E006F-2A9E-44DA-B7F5-8379CABF542C}.Debug|Any CPU.Build.0 = Debug|Any CPU
		{C81E006F-2A9E-44DA-B7F5-8379CABF542C}.Release|Any CPU.ActiveCfg = Release|Any CPU
		{C81E006F-2A9E-44DA-B7F5-8379CABF542C}.Release|Any CPU.Build.0 = Release|Any CPU
		{A55EDC08-ED9E-49E5-B869-33EEE2F2AFA7}.Debug|Any CPU.ActiveCfg = Debug|Any CPU
		{A55EDC08-ED9E-49E5-B869-33EEE2F2AFA7}.Debug|Any CPU.Build.0 = Debug|Any CPU
		{A55EDC08-ED9E-49E5-B869-33EEE2F2AFA7}.Release|Any CPU.ActiveCfg = Release|Any CPU
		{A55EDC08-ED9E-49E5-B869-33EEE2F2AFA7}.Release|Any CPU.Build.0 = Release|Any CPU
	EndGlobalSection
	GlobalSection(SolutionProperties) = preSolution
		HideSolutionNode = FALSE
	EndGlobalSection
EndGlobal
